
Microsoft Visual Studio Solution File, Format Version 12.00
# Visual Studio Version 17
VisualStudioVersion = 17.0.31903.59
MinimumVisualStudioVersion = 10.0.40219.1
Project("{9A19103F-16F7-4668-BE54-9A1E7A4F7556}") = "DutchVerbs.Spa", "DutchVerbs.Spa\DutchVerbs.Spa.csproj", "{15D7FC16-DB56-4FDB-BE25-1093DC40FEB4}"
EndProject
Project("{2150E333-8FDC-42A3-9474-1A3956D46DE8}") = "GitHubActions", "GitHubActions", "{BDFADE8F-9485-43A3-800E-1D023A55987B}"
	ProjectSection(SolutionItems) = preProject
		.github\workflows\deploy.yml = .github\workflows\deploy.yml
	EndProjectSection
EndProject
Global
	GlobalSection(SolutionConfigurationPlatforms) = preSolution
		Debug|Any CPU = Debug|Any CPU
		Release|Any CPU = Release|Any CPU
	EndGlobalSection
	GlobalSection(ProjectConfigurationPlatforms) = postSolution
		{15D7FC16-DB56-4FDB-BE25-1093DC40FEB4}.Debug|Any CPU.ActiveCfg = Debug|Any CPU
		{15D7FC16-DB56-4FDB-BE25-1093DC40FEB4}.Debug|Any CPU.Build.0 = Debug|Any CPU
		{15D7FC16-DB56-4FDB-BE25-1093DC40FEB4}.Release|Any CPU.ActiveCfg = Release|Any CPU
		{15D7FC16-DB56-4FDB-BE25-1093DC40FEB4}.Release|Any CPU.Build.0 = Release|Any CPU
	EndGlobalSection
	GlobalSection(SolutionProperties) = preSolution
		HideSolutionNode = FALSE
	EndGlobalSection
	GlobalSection(ExtensibilityGlobals) = postSolution
		SolutionGuid = {329152BA-EF04-4E71-AAD3-EAD5871B9B49}
	EndGlobalSection
EndGlobal
