{
  "version": 1,
  "dependencies": {
    "net9.0": {
      "BlazorBeforeUnload": {
        "type": "Direct",
        "requested": "[1.*, )",
        "resolved": "1.0.4",
        "contentHash": "mulZZTuHN70DPGjo+ZfJjX6pKqnjMFy0txxznxIxPDltBGAEzsJ6FsAFSQQUAQxFRTM4htYRPH4lWl0vmRUC+g==",
        "dependencies": {
          "Microsoft.AspNetCore.Components": "3.0.0",
          "Microsoft.AspNetCore.Components.Web": "3.0.0",
          "Microsoft.Extensions.DependencyInjection.Abstractions": "3.0.0"
        }
      },
      "Blazored.LocalStorage": {
        "type": "Direct",
        "requested": "[4.*, )",
        "resolved": "4.5.0",
        "contentHash": "6nZuJwA7zNIKx83IsObiHXZb09ponJOpCClU3en+hI8ZFvrOKXeOw+H7TegQZQrvdR1n9fkrVkEBQZg8vx6ZTw==",
        "dependencies": {
          "Microsoft.AspNetCore.Components.Web": "8.0.0"
        }
      },
      "Microsoft.AspNetCore.Components.WebAssembly": {
        "type": "Direct",
        "requested": "[9.0.4, )",
        "resolved": "9.0.4",
        "contentHash": "r98WvuLNSe7nWBsbMvKpbbYG0WsDjfaunwkoHD38turbQfsdPBTHz8eLK9Dd/18TyvMq8yit+2e0KXLALz8PQA==",
        "dependencies": {
          "Microsoft.AspNetCore.Components.Web": "9.0.4",
          "Microsoft.Extensions.Configuration.Binder": "9.0.4",
          "Microsoft.Extensions.Configuration.Json": "9.0.4",
          "Microsoft.Extensions.Logging": "9.0.4",
          "Microsoft.JSInterop.WebAssembly": "9.0.4"
        }
      },
      "Microsoft.AspNetCore.Components.WebAssembly.DevServer": {
        "type": "Direct",
        "requested": "[9.0.4, )",
        "resolved": "9.0.4",
        "contentHash": "XaFkWZzoDpiqiRgsJYJu5kB1Rpf8kbHju0Crjq0x4EjMtBzzpdmMUHWCj4eQ46/+r8GZNtWIo42a1FY6bc6pfQ=="
      },
      "Microsoft.Extensions.Localization": {
        "type": "Direct",
        "requested": "[9.0.4, )",
        "resolved": "9.0.4",
        "contentHash": "8a6c86HvN06jWmEsj1m3gKT3N4YyxRW6vjWS9TDg0kGpWUzINnQUOA0aSCcSl7+++P0VZKGbqMgpWkirVRA0Kw==",
        "dependencies": {
          "Microsoft.Extensions.DependencyInjection.Abstractions": "9.0.4",
          "Microsoft.Extensions.Localization.Abstractions": "9.0.4",
          "Microsoft.Extensions.Logging.Abstractions": "9.0.4",
          "Microsoft.Extensions.Options": "9.0.4"
        }
      },
      "Microsoft.NET.ILLink.Tasks": {
        "type": "Direct",
        "requested": "[9.0.4, )",
        "resolved": "9.0.4",
        "contentHash": "xUdlUxiFwXhTYhB4VxKg/IA0+jlZXJPo70LYuMryWbJHdonIpZjw+7DO2B0pWwpXIOs6MlH5WVXPEtfrGEcVZA=="
      },
      "Microsoft.NET.Sdk.WebAssembly.Pack": {
        "type": "Direct",
        "requested": "[9.0.4, )",
        "resolved": "9.0.4",
        "contentHash": "SbawDIBdWK+7UTkiIXquadlWAUPxV88+jytBdVsIFzvJXkxGGQKrufO4KPyYdS4shFtXLZyCuCckNt0YN5hZKw=="
      },
      "Microsoft.Web.LibraryManager.Build": {
        "type": "Direct",
        "requested": "[3.0.71, )",
        "resolved": "3.0.71",
        "contentHash": "uO0RegM2P5ZZhQDJQ+YSiugXJgNnh4gmjMd3VofeoE9MSu60zYoR3meA9SAm6PVJW2t//SzICXQf4+JtfUTJQA=="
      },
      "System.Private.Uri": {
        "type": "Direct",
        "requested": "[4.3.2, )",
        "resolved": "4.3.2",
        "contentHash": "o1+7RJnu3Ik3PazR7Z7tJhjPdE000Eq2KGLLWhqJJKXj04wrS8lwb1OFtDF9jzXXADhUuZNJZlPc98uwwqmpFA==",
        "dependencies": {
          "Microsoft.NETCore.Platforms": "1.1.1",
          "Microsoft.NETCore.Targets": "1.1.3"
        }
      },
      "System.Text.Json": {
        "type": "Direct",
        "requested": "[9.0.4, )",
        "resolved": "9.0.4",
        "contentHash": "pYtmpcO6R3Ef1XilZEHgXP2xBPVORbYEzRP7dl0IAAbN8Dm+kfwio8aCKle97rAWXOExr292MuxWYurIuwN62g=="
      },
      "Microsoft.AspNetCore.Authorization": {
        "type": "Transitive",
        "resolved": "9.0.4",
        "contentHash": "QIV3Jk/zb5wsBNkxj4eK4Qoja6f0hO2pUhWrG8NOmgnclA7zbQvzLLKaGnva7/PtglS8VS5HusZfrnnO8FTpSA==",
        "dependencies": {
          "Microsoft.AspNetCore.Metadata": "9.0.4",
          "Microsoft.Extensions.Logging.Abstractions": "9.0.4",
          "Microsoft.Extensions.Options": "9.0.4"
        }
      },
      "Microsoft.AspNetCore.Components": {
        "type": "Transitive",
        "resolved": "9.0.4",
        "contentHash": "imeT4r1PLXqI3kzf7b06Tzj5H4od8o/u4ZE5JgyrlvwABSZlBQzWN8AgT/lPLqs2VJVxNwcAolx+vxLMl9Dn+g==",
        "dependencies": {
          "Microsoft.AspNetCore.Authorization": "9.0.4",
          "Microsoft.AspNetCore.Components.Analyzers": "9.0.4"
        }
      },
      "Microsoft.AspNetCore.Components.Analyzers": {
        "type": "Transitive",
        "resolved": "9.0.4",
        "contentHash": "fPrKrrfT5o0dJZ4AgbGsXBl4YNTlSrRcpYMgLTsrmYo7aOkZrdWPmsxVsFRyelfmCW9qHH7ZZK/4cTC8HuS7BA=="
      },
      "Microsoft.AspNetCore.Components.Forms": {
        "type": "Transitive",
        "resolved": "9.0.4",
        "contentHash": "FvoNIyz5URP2QonItKbDBzCcdmSXHWfyh0lUAYkNittlLmFAqaIF4TE55h3/SYLI8ISsbAVd44Cax86HBhLu8w==",
        "dependencies": {
          "Microsoft.AspNetCore.Components": "9.0.4"
        }
      },
      "Microsoft.AspNetCore.Components.Web": {
        "type": "Transitive",
        "resolved": "9.0.4",
        "contentHash": "X02T/wGvT7vCgIXG0R4ZWQUx5/qMaKuWJklBL3eaa8b1NJHyPlox6IpI4AcmMy7r1hM8GwaxKfm34dv5b7n5VA==",
        "dependencies": {
          "Microsoft.AspNetCore.Components": "9.0.4",
          "Microsoft.AspNetCore.Components.Forms": "9.0.4",
          "Microsoft.Extensions.DependencyInjection": "9.0.4",
          "Microsoft.Extensions.Primitives": "9.0.4",
          "Microsoft.JSInterop": "9.0.4"
        }
      },
      "Microsoft.AspNetCore.Metadata": {
        "type": "Transitive",
        "resolved": "9.0.4",
        "contentHash": "3AhnSEW/Zw0E++itsen8YvqT7UoyF7zYD9OZPQmeGpT7YQP4W9GOiwOljfJEC8+4pP8kqgpeRN/p4LkmKLIUlQ=="
      },
      "Microsoft.Extensions.Configuration": {
        "type": "Transitive",
        "resolved": "9.0.4",
        "contentHash": "KIVBrMbItnCJDd1RF4KEaE8jZwDJcDUJW5zXpbwQ05HNYTK1GveHxHK0B3SjgDJuR48GRACXAO+BLhL8h34S7g==",
        "dependencies": {
          "Microsoft.Extensions.Configuration.Abstractions": "9.0.4",
          "Microsoft.Extensions.Primitives": "9.0.4"
        }
      },
      "Microsoft.Extensions.Configuration.Abstractions": {
        "type": "Transitive",
        "resolved": "9.0.4",
        "contentHash": "0LN/DiIKvBrkqp7gkF3qhGIeZk6/B63PthAHjQsxymJfIBcz0kbf4/p/t4lMgggVxZ+flRi5xvTwlpPOoZk8fg==",
        "dependencies": {
          "Microsoft.Extensions.Primitives": "9.0.4"
        }
      },
      "Microsoft.Extensions.Configuration.Binder": {
        "type": "Transitive",
        "resolved": "9.0.4",
        "contentHash": "cdrjcl9RIcwt3ECbnpP0Gt1+pkjdW90mq5yFYy8D9qRj2NqFFcv3yDp141iEamsd9E218sGxK8WHaIOcrqgDJg==",
        "dependencies": {
          "Microsoft.Extensions.Configuration.Abstractions": "9.0.4"
        }
      },
      "Microsoft.Extensions.Configuration.FileExtensions": {
        "type": "Transitive",
        "resolved": "9.0.4",
        "contentHash": "UY864WQ3AS2Fkc8fYLombWnjrXwYt+BEHHps0hY4sxlgqaVW06AxbpgRZjfYf8PyRbplJqruzZDB/nSLT+7RLQ==",
        "dependencies": {
          "Microsoft.Extensions.Configuration": "9.0.4",
          "Microsoft.Extensions.Configuration.Abstractions": "9.0.4",
          "Microsoft.Extensions.FileProviders.Abstractions": "9.0.4",
          "Microsoft.Extensions.FileProviders.Physical": "9.0.4",
          "Microsoft.Extensions.Primitives": "9.0.4"
        }
      },
      "Microsoft.Extensions.Configuration.Json": {
        "type": "Transitive",
        "resolved": "9.0.4",
        "contentHash": "vVXI70CgT/dmXV3MM+n/BR2rLXEoAyoK0hQT+8MrbCMuJBiLRxnTtSrksNiASWCwOtxo/Tyy7CO8AGthbsYxnw==",
        "dependencies": {
          "Microsoft.Extensions.Configuration": "9.0.4",
          "Microsoft.Extensions.Configuration.Abstractions": "9.0.4",
          "Microsoft.Extensions.Configuration.FileExtensions": "9.0.4",
          "Microsoft.Extensions.FileProviders.Abstractions": "9.0.4"
        }
      },
      "Microsoft.Extensions.DependencyInjection": {
        "type": "Transitive",
        "resolved": "9.0.4",
        "contentHash": "f2MTUaS2EQ3lX4325ytPAISZqgBfXmY0WvgD80ji6Z20AoDNiCESxsqo6mFRwHJD/jfVKRw9FsW6+86gNre3ug==",
        "dependencies": {
          "Microsoft.Extensions.DependencyInjection.Abstractions": "9.0.4"
        }
      },
      "Microsoft.Extensions.DependencyInjection.Abstractions": {
        "type": "Transitive",
        "resolved": "9.0.4",
        "contentHash": "UI0TQPVkS78bFdjkTodmkH0Fe8lXv9LnhGFKgKrsgUJ5a5FVdFRcgjIkBVLbGgdRhxWirxH/8IXUtEyYJx6GQg=="
      },
      "Microsoft.Extensions.FileProviders.Abstractions": {
        "type": "Transitive",
        "resolved": "9.0.4",
        "contentHash": "gQN2o/KnBfVk6Bd71E2YsvO5lsqrqHmaepDGk+FB/C4aiQY9B0XKKNKfl5/TqcNOs9OEithm4opiMHAErMFyEw==",
        "dependencies": {
          "Microsoft.Extensions.Primitives": "9.0.4"
        }
      },
      "Microsoft.Extensions.FileProviders.Physical": {
        "type": "Transitive",
        "resolved": "9.0.4",
        "contentHash": "qkQ9V7KFZdTWNThT7ke7E/Jad38s46atSs3QUYZB8f3thBTrcrousdY4Y/tyCtcH5YjsPSiByjuN+L8W/ThMQg==",
        "dependencies": {
          "Microsoft.Extensions.FileProviders.Abstractions": "9.0.4",
          "Microsoft.Extensions.FileSystemGlobbing": "9.0.4",
          "Microsoft.Extensions.Primitives": "9.0.4"
        }
      },
      "Microsoft.Extensions.FileSystemGlobbing": {
        "type": "Transitive",
        "resolved": "9.0.4",
        "contentHash": "05Lh2ItSk4mzTdDWATW9nEcSybwprN8Tz42Fs5B+jwdXUpauktdAQUI1Am4sUQi2C63E5hvQp8gXvfwfg9mQGQ=="
      },
      "Microsoft.Extensions.Localization.Abstractions": {
        "type": "Transitive",
        "resolved": "9.0.4",
        "contentHash": "zHct3tI6wr0KnG1gl2XX8YJnvJU84imPZjuQvizVEbfBWziIwwVdp1sDP1MZw9216qYi70mJCsF4CaAxfP53eg=="
      },
      "Microsoft.Extensions.Logging": {
        "type": "Transitive",
        "resolved": "9.0.4",
        "contentHash": "xW6QPYsqhbuWBO9/1oA43g/XPKbohJx+7G8FLQgQXIriYvY7s+gxr2wjQJfRoPO900dvvv2vVH7wZovG+M1m6w==",
        "dependencies": {
          "Microsoft.Extensions.DependencyInjection": "9.0.4",
          "Microsoft.Extensions.Logging.Abstractions": "9.0.4",
          "Microsoft.Extensions.Options": "9.0.4"
        }
      },
      "Microsoft.Extensions.Logging.Abstractions": {
        "type": "Transitive",
        "resolved": "9.0.4",
        "contentHash": "0MXlimU4Dud6t+iNi5NEz3dO2w1HXdhoOLaYFuLPCjAsvlPQGwOT6V2KZRMLEhCAm/stSZt1AUv0XmDdkjvtbw==",
        "dependencies": {
          "Microsoft.Extensions.DependencyInjection.Abstractions": "9.0.4"
        }
      },
      "Microsoft.Extensions.Options": {
        "type": "Transitive",
        "resolved": "9.0.4",
        "contentHash": "fiFI2+58kicqVZyt/6obqoFwHiab7LC4FkQ3mmiBJ28Yy4fAvy2+v9MRnSvvlOO8chTOjKsdafFl/K9veCPo5g==",
        "dependencies": {
          "Microsoft.Extensions.DependencyInjection.Abstractions": "9.0.4",
          "Microsoft.Extensions.Primitives": "9.0.4"
        }
      },
      "Microsoft.Extensions.Primitives": {
        "type": "Transitive",
        "resolved": "9.0.4",
        "contentHash": "SPFyMjyku1nqTFFJ928JAMd0QnRe4xjE7KeKnZMWXf3xk+6e0WiOZAluYtLdbJUXtsl2cCRSi8cBquJ408k8RA=="
      },
      "Microsoft.JSInterop": {
        "type": "Transitive",
        "resolved": "9.0.4",
        "contentHash": "iuzwm79XoRYTRhf7cOHgMgGAE8ZsAcCGp2VsIDAV05qRzceKSE1S7tQp+8GTzG7+IZpdPpvfaJUwSD/pYIog5A=="
      },
      "Microsoft.JSInterop.WebAssembly": {
        "type": "Transitive",
        "resolved": "9.0.4",
        "contentHash": "hodT53TNbzdM3xncd9eiQT1IakBXscRGRzOQo3Lyba2Qamjw6gVBriUZJFllYgrizqRsOSS7v3ciGH4PdeGtZw==",
        "dependencies": {
          "Microsoft.JSInterop": "9.0.4"
        }
      },
      "Microsoft.NETCore.Platforms": {
        "type": "Transitive",
        "resolved": "1.1.1",
        "contentHash": "TMBuzAHpTenGbGgk0SMTwyEkyijY/Eae4ZGsFNYJvAr/LDn1ku3Etp3FPxChmDp5HHF3kzJuoaa08N0xjqAJfQ=="
      },
      "Microsoft.NETCore.Targets": {
        "type": "Transitive",
        "resolved": "1.1.3",
        "contentHash": "3Wrmi0kJDzClwAC+iBdUBpEKmEle8FQNsCs77fkiOIw/9oYA07bL1EZNX0kQ2OMN3xpwvl0vAtOCYY3ndDNlhQ=="
      }
    },
    "net9.0/browser-wasm": {}
  }
}